
Microsoft Visual Studio Solution File, Format Version 12.00
# Visual Studio Express 2012 for Windows Desktop
Project("{FAE04EC0-301F-11D3-BF4B-00C04F79EFBC}") = "CommentCleaner", "src\CommentCleaner.csproj", "{BB4C5B85-74D6-49C4-8B66-3DBC4EAFB5D1}"
EndProject
Project("{FAE04EC0-301F-11D3-BF4B-00C04F79EFBC}") = "CommentCleaner.Tests", "src\Tests\CommentCleaner.Tests.csproj", "{7B3F3985-812C-40A0-980B-99BA519454FF}"
EndProject
Global
	GlobalSection(SolutionConfigurationPlatforms) = preSolution
		Debug|Any CPU = Debug|Any CPU
		Release|Any CPU = Release|Any CPU
	EndGlobalSection
	GlobalSection(ProjectConfigurationPlatforms) = postSolution
		{BB4C5B85-74D6-49C4-8B66-3DBC4EAFB5D1}.Debug|Any CPU.ActiveCfg = Debug|Any CPU
		{BB4C5B85-74D6-49C4-8B66-3DBC4EAFB5D1}.Debug|Any CPU.Build.0 = Debug|Any CPU
		{BB4C5B85-74D6-49C4-8B66-3DBC4EAFB5D1}.Release|Any CPU.ActiveCfg = Release|Any CPU
		{BB4C5B85-74D6-49C4-8B66-3DBC4EAFB5D1}.Release|Any CPU.Build.0 = Release|Any CPU
		{7B3F3985-812C-40A0-980B-99BA519454FF}.Debug|Any CPU.ActiveCfg = Debug|Any CPU
		{7B3F3985-812C-40A0-980B-99BA519454FF}.Debug|Any CPU.Build.0 = Debug|Any CPU
		{7B3F3985-812C-40A0-980B-99BA519454FF}.Release|Any CPU.ActiveCfg = Release|Any CPU
		{7B3F3985-812C-40A0-980B-99BA519454FF}.Release|Any CPU.Build.0 = Release|Any CPU
	EndGlobalSection
	GlobalSection(SolutionProperties) = preSolution
		HideSolutionNode = FALSE
	EndGlobalSection
EndGlobal
